
Microsoft Visual Studio Solution File, Format Version 12.00
# Visual Studio 15
VisualStudioVersion = 15.0.28307.779
MinimumVisualStudioVersion = 10.0.40219.1
Project("{FAE04EC0-301F-11D3-BF4B-00C04F79EFBC}") = "SearchDataApi.Api", "SearchDataApi.Api\SearchDataApi.Api.csproj", "{B9E78121-9BD2-486B-A781-60F7F2781265}"
EndProject
Project("{FAE04EC0-301F-11D3-BF4B-00C04F79EFBC}") = "SearchDataApi.Common", "SearchDataApi.Common\SearchDataApi.Common.csproj", "{D5C20AAE-8B2C-4682-9D16-88358CFDC207}"
EndProject
Project("{FAE04EC0-301F-11D3-BF4B-00C04F79EFBC}") = "SearchDataApi.Services", "SearchDataApi.Services\SearchDataApi.Services.csproj", "{D1677B2B-48B9-493A-AEAB-3EEE59967BB7}"
EndProject
Project("{FAE04EC0-301F-11D3-BF4B-00C04F79EFBC}") = "SearchDataApi.WebApiComunication", "SearchDataApi.WebApiComunication\SearchDataApi.WebApiComunication.csproj", "{3A224966-73A6-49CD-9C15-38067D0B7E3D}"
EndProject
Global
	GlobalSection(SolutionConfigurationPlatforms) = preSolution
		Debug|Any CPU = Debug|Any CPU
		Release|Any CPU = Release|Any CPU
	EndGlobalSection
	GlobalSection(ProjectConfigurationPlatforms) = postSolution
		{B9E78121-9BD2-486B-A781-60F7F2781265}.Debug|Any CPU.ActiveCfg = Debug|Any CPU
		{B9E78121-9BD2-486B-A781-60F7F2781265}.Debug|Any CPU.Build.0 = Debug|Any CPU
		{B9E78121-9BD2-486B-A781-60F7F2781265}.Release|Any CPU.ActiveCfg = Release|Any CPU
		{B9E78121-9BD2-486B-A781-60F7F2781265}.Release|Any CPU.Build.0 = Release|Any CPU
		{D5C20AAE-8B2C-4682-9D16-88358CFDC207}.Debug|Any CPU.ActiveCfg = Debug|Any CPU
		{D5C20AAE-8B2C-4682-9D16-88358CFDC207}.Debug|Any CPU.Build.0 = Debug|Any CPU
		{D5C20AAE-8B2C-4682-9D16-88358CFDC207}.Release|Any CPU.ActiveCfg = Release|Any CPU
		{D5C20AAE-8B2C-4682-9D16-88358CFDC207}.Release|Any CPU.Build.0 = Release|Any CPU
		{D1677B2B-48B9-493A-AEAB-3EEE59967BB7}.Debug|Any CPU.ActiveCfg = Debug|Any CPU
		{D1677B2B-48B9-493A-AEAB-3EEE59967BB7}.Debug|Any CPU.Build.0 = Debug|Any CPU
		{D1677B2B-48B9-493A-AEAB-3EEE59967BB7}.Release|Any CPU.ActiveCfg = Release|Any CPU
		{D1677B2B-48B9-493A-AEAB-3EEE59967BB7}.Release|Any CPU.Build.0 = Release|Any CPU
		{3A224966-73A6-49CD-9C15-38067D0B7E3D}.Debug|Any CPU.ActiveCfg = Debug|Any CPU
		{3A224966-73A6-49CD-9C15-38067D0B7E3D}.Debug|Any CPU.Build.0 = Debug|Any CPU
		{3A224966-73A6-49CD-9C15-38067D0B7E3D}.Release|Any CPU.ActiveCfg = Release|Any CPU
		{3A224966-73A6-49CD-9C15-38067D0B7E3D}.Release|Any CPU.Build.0 = Release|Any CPU
	EndGlobalSection
	GlobalSection(SolutionProperties) = preSolution
		HideSolutionNode = FALSE
	EndGlobalSection
	GlobalSection(ExtensibilityGlobals) = postSolution
		SolutionGuid = {01AA0115-4988-40F1-8E21-CC6345AFE9E6}
	EndGlobalSection
EndGlobal
